github.com/oleksii-honchar/blablo v0.3.0 h1:FJwi4mMEmJx+bifK/n1qzHjrknQ8pX/S8RCw6wVPrXg=
github.com/oleksii-honchar/blablo v0.3.0/go.mod h1:kxttK9Js/qEHfRQJzskA5Oot1o5ZpXyP8guxETP4kQM=
github.com/oleksii-honchar/coteco v0.2.1 h1:3/6G6WtvdBUgS5DJbn7mQgcSmYX/AeQmhR8opgNWCp0=
github.com/oleksii-honchar/coteco v0.2.1/go.mod h1:ZcQGxpTImc7fSBG3f2/dRqocE199UBA2agCg+vt8ozk=
