dario.cat/mergo v1.0.0 h1:AGCNq9Evsj31mOgNPcLyXc+4PNABt905YmuqPYYpBWk=
dario.cat/mergo v1.0.0/go.mod h1:uNxQE+84aUszobStD9th8a29P2fMDhsBdgRYvZOxGmk=
github.com/cheekybits/genny v1.0.0 h1:uGGa4nei+j20rOSeDeP5Of12XVm7TGUd4dJA9RDitfE=
github.com/cheekybits/genny v1.0.0/go.mod h1:+tQajlRqAUrPI7DOSpB0XAqZYtQakVtB7wXkRAgjxjQ=
github.com/coryb/figtree v1.0.1 h1:f/XRYjCwOwlPbYN3lhT+hwjzPv0Mh1s0A1mt33jmvwM=
github.com/coryb/figtree v1.0.1/go.mod h1:uAkZUEGm6dROpxfy+8vXLs7JrLCI4O+gQyKAuISxI/g=
github.com/fatih/camelcase v1.0.0 h1:hxNvNX/xYBp0ovncs8WyWZrOrpBNub/JfaMvbURyft8=
github.com/fatih/camelcase v1.0.0/go.mod h1:yN2Sb0lFhZJUdVvtELVWefmrXpuZESvPmqwoZc+/fpc=
github.com/oleksii-honchar/blablo v0.1.0 h1:x7GgByYYb6YOodSA3bm9qL1Q/RY8I80UnqAjmNBmQFc=
github.com/oleksii-honchar/blablo v0.1.0/go.mod h1:25HPHd5zr0muto0UsIFX5L1zzrzaBVjzueCuOQXNvK0=
github.com/oleksii-honchar/coteco v0.1.2 h1:VV6ChCZ/inqV/8RGgixm1TpMxL5hsn9QFGeFlvRcJhI=
github.com/oleksii-honchar/coteco v0.1.2/go.mod h1:ZcQGxpTImc7fSBG3f2/dRqocE199UBA2agCg+vt8ozk=
github.com/pkg/errors v0.9.1 h1:FEBLx1zS214owpjy7qsBeixbURkuhQAwrK5UwLGTwt4=
github.com/pkg/errors v0.9.1/go.mod h1:bwawxfHBFNV+L2hUp1rHADufV3IMtnDRdf1r5NINEl0=
gopkg.in/check.v1 v0.0.0-20161208181325-20d25e280405 h1:yhCVgyC4o1eVCa2tZl7eS0r+SDo693bJlVdllGtEeKM=
gopkg.in/check.v1 v0.0.0-20161208181325-20d25e280405/go.mod h1:Co6ibVJAznAaIkqp8huTwlJQCZ016jof/cbN4VW5Yz0=
gopkg.in/yaml.v3 v3.0.1 h1:fxVm/GzAzEWqLHuvctI91KS9hhNmmWOoWu0XTYJS7CA=
gopkg.in/yaml.v3 v3.0.1/go.mod h1:K4uyk7z7BCEPqu6E+C64Yfv1cQ7kz7rIZviUmN+EgEM=
